// !$*UTF8*$!
{
	archiveVersion = 1;
	classes = {
	};
	objectVersion = 90;
	objects = {

/* Begin PBXBuildFile section */
		06F213E42DD3B57100690A1C /* ARKit.framework in Frameworks */ = {isa = PBXBuildFile; fileRef = 067023682DD2A6D800C6467C /* ARKit.framework */; };
		06F213E72DD3B57200690A1C /* RealityFoundation.framework in Frameworks */ = {isa = PBXBuildFile; fileRef = 06F213D72DD39DA600690A1C /* RealityFoundation.framework */; };
		06F213E92DD3B57300690A1C /* RealityKit.framework in Frameworks */ = {isa = PBXBuildFile; fileRef = 06F213D82DD39DA600690A1C /* RealityKit.framework */; };
		06F213EB2DD3B57500690A1C /* RoomPlan.framework in Frameworks */ = {isa = PBXBuildFile; fileRef = 067023662DD2A6C900C6467C /* RoomPlan.framework */; };
/* End PBXBuildFile section */

/* Begin PBXContainerItemProxy section */
		06EA4F2F2DD15E2B00F62FC3 /* PBXContainerItemProxy */ = {
			isa = PBXContainerItemProxy;
			containerPortal = 06EA4F192DD15E2900F62FC3 /* Project object */;
			proxyType = 1;
			remoteGlobalIDString = 06EA4F202DD15E2900F62FC3;
			remoteInfo = Mosaic;
		};
		06EA4F392DD15E2B00F62FC3 /* PBXContainerItemProxy */ = {
			isa = PBXContainerItemProxy;
			containerPortal = 06EA4F192DD15E2900F62FC3 /* Project object */;
			proxyType = 1;
			remoteGlobalIDString = 06EA4F202DD15E2900F62FC3;
			remoteInfo = Mosaic;
		};
/* End PBXContainerItemProxy section */

/* Begin PBXFileReference section */
		067023662DD2A6C900C6467C /* RoomPlan.framework */ = {isa = PBXFileReference; lastKnownFileType = wrapper.framework; name = RoomPlan.framework; path = System/Library/Frameworks/RoomPlan.framework; sourceTree = SDKROOT; };
		067023682DD2A6D800C6467C /* ARKit.framework */ = {isa = PBXFileReference; lastKnownFileType = wrapper.framework; name = ARKit.framework; path = System/Library/Frameworks/ARKit.framework; sourceTree = SDKROOT; };
		06EA4F212DD15E2900F62FC3 /* Mosaic.app */ = {isa = PBXFileReference; explicitFileType = wrapper.application; includeInIndex = 0; path = Mosaic.app; sourceTree = BUILT_PRODUCTS_DIR; };
		06EA4F2E2DD15E2B00F62FC3 /* MosaicTests.xctest */ = {isa = PBXFileReference; explicitFileType = wrapper.cfbundle; includeInIndex = 0; path = MosaicTests.xctest; sourceTree = BUILT_PRODUCTS_DIR; };
		06EA4F382DD15E2B00F62FC3 /* MosaicUITests.xctest */ = {isa = PBXFileReference; explicitFileType = wrapper.cfbundle; includeInIndex = 0; path = MosaicUITests.xctest; sourceTree = BUILT_PRODUCTS_DIR; };
		06F213D72DD39DA600690A1C /* RealityFoundation.framework */ = {isa = PBXFileReference; lastKnownFileType = wrapper.framework; name = RealityFoundation.framework; path = System/Library/Frameworks/RealityFoundation.framework; sourceTree = SDKROOT; };
		06F213D82DD39DA600690A1C /* RealityKit.framework */ = {isa = PBXFileReference; lastKnownFileType = wrapper.framework; name = RealityKit.framework; path = System/Library/Frameworks/RealityKit.framework; sourceTree = SDKROOT; };
/* End PBXFileReference section */

/* Begin PBXFileSystemSynchronizedRootGroup section */
		06EA4F232DD15E2900F62FC3 /* Mosaic */ = {
			isa = PBXFileSystemSynchronizedRootGroup;
			path = Mosaic;
			sourceTree = "<group>";
		};
		06EA4F312DD15E2B00F62FC3 /* MosaicTests */ = {
			isa = PBXFileSystemSynchronizedRootGroup;
			path = MosaicTests;
			sourceTree = "<group>";
		};
		06EA4F3B2DD15E2B00F62FC3 /* MosaicUITests */ = {
			isa = PBXFileSystemSynchronizedRootGroup;
			path = MosaicUITests;
			sourceTree = "<group>";
		};
/* End PBXFileSystemSynchronizedRootGroup section */

/* Begin PBXFrameworksBuildPhase section */
		06EA4F1E2DD15E2900F62FC3 /* Frameworks */ = {
			isa = PBXFrameworksBuildPhase;
			files = (
				06F213E72DD3B57200690A1C /* RealityFoundation.framework in Frameworks */,
				06F213E42DD3B57100690A1C /* ARKit.framework in Frameworks */,
				06F213EB2DD3B57500690A1C /* RoomPlan.framework in Frameworks */,
				06F213E92DD3B57300690A1C /* RealityKit.framework in Frameworks */,
			);
		};
		06EA4F2B2DD15E2B00F62FC3 /* Frameworks */ = {
			isa = PBXFrameworksBuildPhase;
			files = (
			);
		};
		06EA4F352DD15E2B00F62FC3 /* Frameworks */ = {
			isa = PBXFrameworksBuildPhase;
			files = (
			);
		};
/* End PBXFrameworksBuildPhase section */

/* Begin PBXGroup section */
		067023652DD2A6C900C6467C /* Frameworks */ = {
			isa = PBXGroup;
			children = (
				06F213D72DD39DA600690A1C /* RealityFoundation.framework */,
				06F213D82DD39DA600690A1C /* RealityKit.framework */,
				067023682DD2A6D800C6467C /* ARKit.framework */,
				067023662DD2A6C900C6467C /* RoomPlan.framework */,
			);
			name = Frameworks;
			sourceTree = "<group>";
		};
		06EA4F182DD15E2900F62FC3 = {
			isa = PBXGroup;
			children = (
				06EA4F232DD15E2900F62FC3 /* Mosaic */,
				06EA4F312DD15E2B00F62FC3 /* MosaicTests */,
				06EA4F3B2DD15E2B00F62FC3 /* MosaicUITests */,
				067023652DD2A6C900C6467C /* Frameworks */,
				06EA4F222DD15E2900F62FC3 /* Products */,
			);
			sourceTree = "<group>";
		};
		06EA4F222DD15E2900F62FC3 /* Products */ = {
			isa = PBXGroup;
			children = (
				06EA4F212DD15E2900F62FC3 /* Mosaic.app */,
				06EA4F2E2DD15E2B00F62FC3 /* MosaicTests.xctest */,
				06EA4F382DD15E2B00F62FC3 /* MosaicUITests.xctest */,
			);
			name = Products;
			sourceTree = "<group>";
		};
/* End PBXGroup section */

/* Begin PBXNativeTarget section */
		06EA4F202DD15E2900F62FC3 /* Mosaic */ = {
			isa = PBXNativeTarget;
			buildConfigurationList = 06EA4F422DD15E2B00F62FC3 /* Build configuration list for PBXNativeTarget "Mosaic" */;
			buildPhases = (
				06EA4F1D2DD15E2900F62FC3 /* Sources */,
				06EA4F1E2DD15E2900F62FC3 /* Frameworks */,
				06EA4F1F2DD15E2900F62FC3 /* Resources */,
			);
			buildRules = (
			);
			fileSystemSynchronizedGroups = (
				06EA4F232DD15E2900F62FC3 /* Mosaic */,
			);
			name = Mosaic;
			productName = Mosaic;
			productReference = 06EA4F212DD15E2900F62FC3 /* Mosaic.app */;
			productType = "com.apple.product-type.application";
		};
		06EA4F2D2DD15E2B00F62FC3 /* MosaicTests */ = {
			isa = PBXNativeTarget;
			buildConfigurationList = 06EA4F452DD15E2B00F62FC3 /* Build configuration list for PBXNativeTarget "MosaicTests" */;
			buildPhases = (
				06EA4F2A2DD15E2B00F62FC3 /* Sources */,
				06EA4F2B2DD15E2B00F62FC3 /* Frameworks */,
				06EA4F2C2DD15E2B00F62FC3 /* Resources */,
			);
			buildRules = (
			);
			dependencies = (
				06EA4F302DD15E2B00F62FC3 /* PBXTargetDependency */,
			);
			fileSystemSynchronizedGroups = (
				06EA4F312DD15E2B00F62FC3 /* MosaicTests */,
			);
			name = MosaicTests;
			productName = MosaicTests;
			productReference = 06EA4F2E2DD15E2B00F62FC3 /* MosaicTests.xctest */;
			productType = "com.apple.product-type.bundle.unit-test";
		};
		06EA4F372DD15E2B00F62FC3 /* MosaicUITests */ = {
			isa = PBXNativeTarget;
			buildConfigurationList = 06EA4F482DD15E2B00F62FC3 /* Build configuration list for PBXNativeTarget "MosaicUITests" */;
			buildPhases = (
				06EA4F342DD15E2B00F62FC3 /* Sources */,
				06EA4F352DD15E2B00F62FC3 /* Frameworks */,
				06EA4F362DD15E2B00F62FC3 /* Resources */,
			);
			buildRules = (
			);
			dependencies = (
				06EA4F3A2DD15E2B00F62FC3 /* PBXTargetDependency */,
			);
			fileSystemSynchronizedGroups = (
				06EA4F3B2DD15E2B00F62FC3 /* MosaicUITests */,
			);
			name = MosaicUITests;
			productName = MosaicUITests;
			productReference = 06EA4F382DD15E2B00F62FC3 /* MosaicUITests.xctest */;
			productType = "com.apple.product-type.bundle.ui-testing";
		};
/* End PBXNativeTarget section */

/* Begin PBXProject section */
		06EA4F192DD15E2900F62FC3 /* Project object */ = {
			isa = PBXProject;
			attributes = {
				BuildIndependentTargetsInParallel = 1;
				LastSwiftUpdateCheck = 1630;
				LastUpgradeCheck = 1630;
				TargetAttributes = {
					06EA4F202DD15E2900F62FC3 = {
						CreatedOnToolsVersion = 16.3;
					};
					06EA4F2D2DD15E2B00F62FC3 = {
						CreatedOnToolsVersion = 16.3;
						TestTargetID = 06EA4F202DD15E2900F62FC3;
					};
					06EA4F372DD15E2B00F62FC3 = {
						CreatedOnToolsVersion = 16.3;
						TestTargetID = 06EA4F202DD15E2900F62FC3;
					};
				};
			};
			buildConfigurationList = 06EA4F1C2DD15E2900F62FC3 /* Build configuration list for PBXProject "Mosaic" */;
			developmentRegion = en;
			hasScannedForEncodings = 0;
			knownRegions = (
				en,
				Base,
			);
			mainGroup = 06EA4F182DD15E2900F62FC3;
			minimizedProjectReferenceProxies = 1;
			preferredProjectObjectVersion = 90;
			productRefGroup = 06EA4F222DD15E2900F62FC3 /* Products */;
			projectDirPath = "";
			projectRoot = "";
			targets = (
				06EA4F202DD15E2900F62FC3 /* Mosaic */,
				06EA4F2D2DD15E2B00F62FC3 /* MosaicTests */,
				06EA4F372DD15E2B00F62FC3 /* MosaicUITests */,
			);
		};
/* End PBXProject section */

/* Begin PBXResourcesBuildPhase section */
		06EA4F1F2DD15E2900F62FC3 /* Resources */ = {
			isa = PBXResourcesBuildPhase;
			files = (
			);
		};
		06EA4F2C2DD15E2B00F62FC3 /* Resources */ = {
			isa = PBXResourcesBuildPhase;
			files = (
			);
		};
		06EA4F362DD15E2B00F62FC3 /* Resources */ = {
			isa = PBXResourcesBuildPhase;
			files = (
			);
		};
/* End PBXResourcesBuildPhase section */

/* Begin PBXSourcesBuildPhase section */
		06EA4F1D2DD15E2900F62FC3 /* Sources */ = {
			isa = PBXSourcesBuildPhase;
			files = (
			);
		};
		06EA4F2A2DD15E2B00F62FC3 /* Sources */ = {
			isa = PBXSourcesBuildPhase;
			files = (
			);
		};
		06EA4F342DD15E2B00F62FC3 /* Sources */ = {
			isa = PBXSourcesBuildPhase;
			files = (
			);
		};
/* End PBXSourcesBuildPhase section */

/* Begin PBXTargetDependency section */
		06EA4F302DD15E2B00F62FC3 /* PBXTargetDependency */ = {
			isa = PBXTargetDependency;
			target = 06EA4F202DD15E2900F62FC3 /* Mosaic */;
			targetProxy = 06EA4F2F2DD15E2B00F62FC3 /* PBXContainerItemProxy */;
		};
		06EA4F3A2DD15E2B00F62FC3 /* PBXTargetDependency */ = {
			isa = PBXTargetDependency;
			target = 06EA4F202DD15E2900F62FC3 /* Mosaic */;
			targetProxy = 06EA4F392DD15E2B00F62FC3 /* PBXContainerItemProxy */;
		};
/* End PBXTargetDependency section */

/* Begin XCBuildConfiguration section */
		06EA4F402DD15E2B00F62FC3 /* Debug configuration for PBXProject "Mosaic" */ = {
			isa = XCBuildConfiguration;
			buildSettings = {
				ALWAYS_SEARCH_USER_PATHS = NO;
				ASSETCATALOG_COMPILER_GENERATE_SWIFT_ASSET_SYMBOL_EXTENSIONS = YES;
				CLANG_ANALYZER_NONNULL = YES;
				CLANG_ANALYZER_NUMBER_OBJECT_CONVERSION = YES_AGGRESSIVE;
				CLANG_CXX_LANGUAGE_STANDARD = "gnu++20";
				CLANG_ENABLE_MODULES = YES;
				CLANG_ENABLE_OBJC_ARC = YES;
				CLANG_ENABLE_OBJC_WEAK = YES;
				CLANG_WARN_BLOCK_CAPTURE_AUTORELEASING = YES;
				CLANG_WARN_BOOL_CONVERSION = YES;
				CLANG_WARN_COMMA = YES;
				CLANG_WARN_CONSTANT_CONVERSION = YES;
				CLANG_WARN_DEPRECATED_OBJC_IMPLEMENTATIONS = YES;
				CLANG_WARN_DIRECT_OBJC_ISA_USAGE = YES_ERROR;
				CLANG_WARN_DOCUMENTATION_COMMENTS = YES;
				CLANG_WARN_EMPTY_BODY = YES;
				CLANG_WARN_ENUM_CONVERSION = YES;
				CLANG_WARN_INFINITE_RECURSION = YES;
				CLANG_WARN_INT_CONVERSION = YES;
				CLANG_WARN_NON_LITERAL_NULL_CONVERSION = YES;
				CLANG_WARN_OBJC_IMPLICIT_RETAIN_SELF = YES;
				CLANG_WARN_OBJC_LITERAL_CONVERSION = YES;
				CLANG_WARN_OBJC_ROOT_CLASS = YES_ERROR;
				CLANG_WARN_QUOTED_INCLUDE_IN_FRAMEWORK_HEADER = YES;
				CLANG_WARN_RANGE_LOOP_ANALYSIS = YES;
				CLANG_WARN_STRICT_PROTOTYPES = YES;
				CLANG_WARN_SUSPICIOUS_MOVE = YES;
				CLANG_WARN_UNGUARDED_AVAILABILITY = YES_AGGRESSIVE;
				CLANG_WARN_UNREACHABLE_CODE = YES;
				CLANG_WARN__DUPLICATE_METHOD_MATCH = YES;
				COPY_PHASE_STRIP = NO;
				DEBUG_INFORMATION_FORMAT = dwarf;
				DEVELOPMENT_TEAM = WFHR6CUMQ2;
				ENABLE_STRICT_OBJC_MSGSEND = YES;
				ENABLE_TESTABILITY = YES;
				ENABLE_USER_SCRIPT_SANDBOXING = YES;
				GCC_C_LANGUAGE_STANDARD = gnu17;
				GCC_DYNAMIC_NO_PIC = NO;
				GCC_NO_COMMON_BLOCKS = YES;
				GCC_OPTIMIZATION_LEVEL = 0;
				GCC_PREPROCESSOR_DEFINITIONS = (
					"DEBUG=1",
					"$(inherited)",
				);
				GCC_WARN_64_TO_32_BIT_CONVERSION = YES;
				GCC_WARN_ABOUT_RETURN_TYPE = YES_ERROR;
				GCC_WARN_UNDECLARED_SELECTOR = YES;
				GCC_WARN_UNINITIALIZED_AUTOS = YES_AGGRESSIVE;
				GCC_WARN_UNUSED_FUNCTION = YES;
				GCC_WARN_UNUSED_VARIABLE = YES;
				IPHONEOS_DEPLOYMENT_TARGET = 18.4;
				LOCALIZATION_PREFERS_STRING_CATALOGS = YES;
				MTL_ENABLE_DEBUG_INFO = INCLUDE_SOURCE;
				MTL_FAST_MATH = YES;
				ONLY_ACTIVE_ARCH = YES;
				SDKROOT = iphoneos;
				SWIFT_ACTIVE_COMPILATION_CONDITIONS = "DEBUG $(inherited)";
				SWIFT_OPTIMIZATION_LEVEL = "-Onone";
			};
			name = Debug;
		};
		06EA4F412DD15E2B00F62FC3 /* Release configuration for PBXProject "Mosaic" */ = {
			isa = XCBuildConfiguration;
			buildSettings = {
				ALWAYS_SEARCH_USER_PATHS = NO;
				ASSETCATALOG_COMPILER_GENERATE_SWIFT_ASSET_SYMBOL_EXTENSIONS = YES;
				CLANG_ANALYZER_NONNULL = YES;
				CLANG_ANALYZER_NUMBER_OBJECT_CONVERSION = YES_AGGRESSIVE;
				CLANG_CXX_LANGUAGE_STANDARD = "gnu++20";
				CLANG_ENABLE_MODULES = YES;
				CLANG_ENABLE_OBJC_ARC = YES;
				CLANG_ENABLE_OBJC_WEAK = YES;
				CLANG_WARN_BLOCK_CAPTURE_AUTORELEASING = YES;
				CLANG_WARN_BOOL_CONVERSION = YES;
				CLANG_WARN_COMMA = YES;
				CLANG_WARN_CONSTANT_CONVERSION = YES;
				CLANG_WARN_DEPRECATED_OBJC_IMPLEMENTATIONS = YES;
				CLANG_WARN_DIRECT_OBJC_ISA_USAGE = YES_ERROR;
				CLANG_WARN_DOCUMENTATION_COMMENTS = YES;
				CLANG_WARN_EMPTY_BODY = YES;
				CLANG_WARN_ENUM_CONVERSION = YES;
				CLANG_WARN_INFINITE_RECURSION = YES;
				CLANG_WARN_INT_CONVERSION = YES;
				CLANG_WARN_NON_LITERAL_NULL_CONVERSION = YES;
				CLANG_WARN_OBJC_IMPLICIT_RETAIN_SELF = YES;
				CLANG_WARN_OBJC_LITERAL_CONVERSION = YES;
				CLANG_WARN_OBJC_ROOT_CLASS = YES_ERROR;
				CLANG_WARN_QUOTED_INCLUDE_IN_FRAMEWORK_HEADER = YES;
				CLANG_WARN_RANGE_LOOP_ANALYSIS = YES;
				CLANG_WARN_STRICT_PROTOTYPES = YES;
				CLANG_WARN_SUSPICIOUS_MOVE = YES;
				CLANG_WARN_UNGUARDED_AVAILABILITY = YES_AGGRESSIVE;
				CLANG_WARN_UNREACHABLE_CODE = YES;
				CLANG_WARN__DUPLICATE_METHOD_MATCH = YES;
				COPY_PHASE_STRIP = NO;
				DEBUG_INFORMATION_FORMAT = "dwarf-with-dsym";
				DEVELOPMENT_TEAM = WFHR6CUMQ2;
				ENABLE_NS_ASSERTIONS = NO;
				ENABLE_STRICT_OBJC_MSGSEND = YES;
				ENABLE_USER_SCRIPT_SANDBOXING = YES;
				GCC_C_LANGUAGE_STANDARD = gnu17;
				GCC_NO_COMMON_BLOCKS = YES;
				GCC_WARN_64_TO_32_BIT_CONVERSION = YES;
				GCC_WARN_ABOUT_RETURN_TYPE = YES_ERROR;
				GCC_WARN_UNDECLARED_SELECTOR = YES;
				GCC_WARN_UNINITIALIZED_AUTOS = YES_AGGRESSIVE;
				GCC_WARN_UNUSED_FUNCTION = YES;
				GCC_WARN_UNUSED_VARIABLE = YES;
				IPHONEOS_DEPLOYMENT_TARGET = 18.4;
				LOCALIZATION_PREFERS_STRING_CATALOGS = YES;
				MTL_ENABLE_DEBUG_INFO = NO;
				MTL_FAST_MATH = YES;
				SDKROOT = iphoneos;
				SWIFT_COMPILATION_MODE = wholemodule;
				VALIDATE_PRODUCT = YES;
			};
			name = Release;
		};
		06EA4F432DD15E2B00F62FC3 /* Debug configuration for PBXNativeTarget "Mosaic" */ = {
			isa = XCBuildConfiguration;
			buildSettings = {
				ASSETCATALOG_COMPILER_APPICON_NAME = AppIcon;
				ASSETCATALOG_COMPILER_GLOBAL_ACCENT_COLOR_NAME = AccentColor;
				CODE_SIGN_STYLE = Automatic;
				CURRENT_PROJECT_VERSION = 1;
				DEVELOPMENT_TEAM = WFHR6CUMQ2;
				ENABLE_PREVIEWS = YES;
				GENERATE_INFOPLIST_FILE = YES;
				INFOPLIST_KEY_LSApplicationCategoryType = "public.app-category.entertainment";
				INFOPLIST_KEY_NSCameraUsageDescription = "This app needs camera access for AR functionality";
				INFOPLIST_KEY_NSPhotoLibraryAddUsageDescription = "This app needs photo library access to save AR content";
				INFOPLIST_KEY_NSPhotoLibraryUsageDescription = "This app needs photo library access to save AR content";
				INFOPLIST_KEY_UIApplicationSupportsIndirectInputEvents = YES;
				INFOPLIST_KEY_UILaunchScreen_Generation = YES;
				INFOPLIST_KEY_UIRequiredDeviceCapabilities = arkit;
				INFOPLIST_KEY_UIStatusBarHidden = YES;
				INFOPLIST_KEY_UISupportedInterfaceOrientations_iPad = "UIInterfaceOrientationPortrait UIInterfaceOrientationPortraitUpsideDown UIInterfaceOrientationLandscapeLeft UIInterfaceOrientationLandscapeRight";
				INFOPLIST_KEY_UISupportedInterfaceOrientations_iPhone = "UIInterfaceOrientationPortrait UIInterfaceOrientationLandscapeLeft UIInterfaceOrientationLandscapeRight";
				IPHONEOS_DEPLOYMENT_TARGET = 18.0;
				LD_RUNPATH_SEARCH_PATHS = (
					"$(inherited)",
					"@executable_path/Frameworks",
				);
				MARKETING_VERSION = 1.0;
				PRODUCT_BUNDLE_IDENTIFIER = ssxu.Mosaic;
				PRODUCT_NAME = "$(TARGET_NAME)";
				SUPPORTED_PLATFORMS = "iphoneos iphonesimulator";
				SUPPORTS_MACCATALYST = NO;
				SUPPORTS_MAC_DESIGNED_FOR_IPHONE_IPAD = NO;
				SWIFT_EMIT_LOC_STRINGS = YES;
				SWIFT_VERSION = 5.0;
				TARGETED_DEVICE_FAMILY = "1,2";
			};
			name = Debug;
		};
		06EA4F442DD15E2B00F62FC3 /* Release configuration for PBXNativeTarget "Mosaic" */ = {
			isa = XCBuildConfiguration;
			buildSettings = {
				ASSETCATALOG_COMPILER_APPICON_NAME = AppIcon;
				ASSETCATALOG_COMPILER_GLOBAL_ACCENT_COLOR_NAME = AccentColor;
				CODE_SIGN_STYLE = Automatic;
				CURRENT_PROJECT_VERSION = 1;
				DEVELOPMENT_TEAM = WFHR6CUMQ2;
				ENABLE_PREVIEWS = YES;
				GENERATE_INFOPLIST_FILE = YES;
				INFOPLIST_KEY_LSApplicationCategoryType = "public.app-category.entertainment";
				INFOPLIST_KEY_NSCameraUsageDescription = "This app needs camera access for AR functionality";
				INFOPLIST_KEY_NSPhotoLibraryAddUsageDescription = "This app needs photo library access to save AR content";
				INFOPLIST_KEY_NSPhotoLibraryUsageDescription = "This app needs photo library access to save AR content";
				INFOPLIST_KEY_UIApplicationSupportsIndirectInputEvents = YES;
				INFOPLIST_KEY_UILaunchScreen_Generation = YES;
				INFOPLIST_KEY_UIRequiredDeviceCapabilities = arkit;
				INFOPLIST_KEY_UIStatusBarHidden = YES;
				INFOPLIST_KEY_UISupportedInterfaceOrientations_iPad = "UIInterfaceOrientationPortrait UIInterfaceOrientationPortraitUpsideDown UIInterfaceOrientationLandscapeLeft UIInterfaceOrientationLandscapeRight";
				INFOPLIST_KEY_UISupportedInterfaceOrientations_iPhone = "UIInterfaceOrientationPortrait UIInterfaceOrientationLandscapeLeft UIInterfaceOrientationLandscapeRight";
				IPHONEOS_DEPLOYMENT_TARGET = 18.0;
				LD_RUNPATH_SEARCH_PATHS = (
					"$(inherited)",
					"@executable_path/Frameworks",
				);
				MARKETING_VERSION = 1.0;
				PRODUCT_BUNDLE_IDENTIFIER = ssxu.Mosaic;
				PRODUCT_NAME = "$(TARGET_NAME)";
				SUPPORTED_PLATFORMS = "iphoneos iphonesimulator";
				SUPPORTS_MACCATALYST = NO;
				SUPPORTS_MAC_DESIGNED_FOR_IPHONE_IPAD = NO;
				SWIFT_EMIT_LOC_STRINGS = YES;
				SWIFT_VERSION = 5.0;
				TARGETED_DEVICE_FAMILY = "1,2";
			};
			name = Release;
		};
		06EA4F462DD15E2B00F62FC3 /* Debug configuration for PBXNativeTarget "MosaicTests" */ = {
			isa = XCBuildConfiguration;
			buildSettings = {
				BUNDLE_LOADER = "$(TEST_HOST)";
				CODE_SIGN_STYLE = Automatic;
				CURRENT_PROJECT_VERSION = 1;
				DEVELOPMENT_TEAM = WFHR6CUMQ2;
				GENERATE_INFOPLIST_FILE = YES;
				IPHONEOS_DEPLOYMENT_TARGET = 18.4;
				MARKETING_VERSION = 1.0;
				PRODUCT_BUNDLE_IDENTIFIER = ssxu.MosaicTests;
				PRODUCT_NAME = "$(TARGET_NAME)";
				SWIFT_EMIT_LOC_STRINGS = NO;
				SWIFT_VERSION = 5.0;
				TARGETED_DEVICE_FAMILY = "1,2";
				TEST_HOST = "$(BUILT_PRODUCTS_DIR)/Mosaic.app/$(BUNDLE_EXECUTABLE_FOLDER_PATH)/Mosaic";
			};
			name = Debug;
		};
		06EA4F472DD15E2B00F62FC3 /* Release configuration for PBXNativeTarget "MosaicTests" */ = {
			isa = XCBuildConfiguration;
			buildSettings = {
				BUNDLE_LOADER = "$(TEST_HOST)";
				CODE_SIGN_STYLE = Automatic;
				CURRENT_PROJECT_VERSION = 1;
				DEVELOPMENT_TEAM = WFHR6CUMQ2;
				GENERATE_INFOPLIST_FILE = YES;
				IPHONEOS_DEPLOYMENT_TARGET = 18.4;
				MARKETING_VERSION = 1.0;
				PRODUCT_BUNDLE_IDENTIFIER = ssxu.MosaicTests;
				PRODUCT_NAME = "$(TARGET_NAME)";
				SWIFT_EMIT_LOC_STRINGS = NO;
				SWIFT_VERSION = 5.0;
				TARGETED_DEVICE_FAMILY = "1,2";
				TEST_HOST = "$(BUILT_PRODUCTS_DIR)/Mosaic.app/$(BUNDLE_EXECUTABLE_FOLDER_PATH)/Mosaic";
			};
			name = Release;
		};
		06EA4F492DD15E2B00F62FC3 /* Debug configuration for PBXNativeTarget "MosaicUITests" */ = {
			isa = XCBuildConfiguration;
			buildSettings = {
				CODE_SIGN_STYLE = Automatic;
				CURRENT_PROJECT_VERSION = 1;
				DEVELOPMENT_TEAM = WFHR6CUMQ2;
				GENERATE_INFOPLIST_FILE = YES;
				MARKETING_VERSION = 1.0;
				PRODUCT_BUNDLE_IDENTIFIER = ssxu.MosaicUITests;
				PRODUCT_NAME = "$(TARGET_NAME)";
				SWIFT_EMIT_LOC_STRINGS = NO;
				SWIFT_VERSION = 5.0;
				TARGETED_DEVICE_FAMILY = "1,2";
				TEST_TARGET_NAME = Mosaic;
			};
			name = Debug;
		};
		06EA4F4A2DD15E2B00F62FC3 /* Release configuration for PBXNativeTarget "MosaicUITests" */ = {
			isa = XCBuildConfiguration;
			buildSettings = {
				CODE_SIGN_STYLE = Automatic;
				CURRENT_PROJECT_VERSION = 1;
				DEVELOPMENT_TEAM = WFHR6CUMQ2;
				GENERATE_INFOPLIST_FILE = YES;
				MARKETING_VERSION = 1.0;
				PRODUCT_BUNDLE_IDENTIFIER = ssxu.MosaicUITests;
				PRODUCT_NAME = "$(TARGET_NAME)";
				SWIFT_EMIT_LOC_STRINGS = NO;
				SWIFT_VERSION = 5.0;
				TARGETED_DEVICE_FAMILY = "1,2";
				TEST_TARGET_NAME = Mosaic;
			};
			name = Release;
		};
/* End XCBuildConfiguration section */

/* Begin XCConfigurationList section */
		06EA4F1C2DD15E2900F62FC3 /* Build configuration list for PBXProject "Mosaic" */ = {
			isa = XCConfigurationList;
			buildConfigurations = (
				06EA4F402DD15E2B00F62FC3 /* Debug configuration for PBXProject "Mosaic" */,
				06EA4F412DD15E2B00F62FC3 /* Release configuration for PBXProject "Mosaic" */,
			);
			defaultConfigurationName = Release;
		};
		06EA4F422DD15E2B00F62FC3 /* Build configuration list for PBXNativeTarget "Mosaic" */ = {
			isa = XCConfigurationList;
			buildConfigurations = (
				06EA4F432DD15E2B00F62FC3 /* Debug configuration for PBXNativeTarget "Mosaic" */,
				06EA4F442DD15E2B00F62FC3 /* Release configuration for PBXNativeTarget "Mosaic" */,
			);
			defaultConfigurationName = Release;
		};
		06EA4F452DD15E2B00F62FC3 /* Build configuration list for PBXNativeTarget "MosaicTests" */ = {
			isa = XCConfigurationList;
			buildConfigurations = (
				06EA4F462DD15E2B00F62FC3 /* Debug configuration for PBXNativeTarget "MosaicTests" */,
				06EA4F472DD15E2B00F62FC3 /* Release configuration for PBXNativeTarget "MosaicTests" */,
			);
			defaultConfigurationName = Release;
		};
		06EA4F482DD15E2B00F62FC3 /* Build configuration list for PBXNativeTarget "MosaicUITests" */ = {
			isa = XCConfigurationList;
			buildConfigurations = (
				06EA4F492DD15E2B00F62FC3 /* Debug configuration for PBXNativeTarget "MosaicUITests" */,
				06EA4F4A2DD15E2B00F62FC3 /* Release configuration for PBXNativeTarget "MosaicUITests" */,
			);
			defaultConfigurationName = Release;
		};
/* End XCConfigurationList section */
	};
	rootObject = 06EA4F192DD15E2900F62FC3 /* Project object */;
}
